{
  "name": "extensions",
  "lockfileVersion": 2,
  "requires": true,
  "packages": {
    "": {
      "dependencies": {
        "@mapeditor/tiled-api": "^1.10.1"
      }
    },
    "node_modules/@mapeditor/tiled-api": {
      "version": "1.10.1",
      "resolved": "https://registry.npmjs.org/@mapeditor/tiled-api/-/tiled-api-1.10.1.tgz",
      "integrity": "sha512-m9rYjpiNmHfQ9ZvPEFcmZ++3s3/yLzsHkJb8+mgWnJEuS6l+tuMPtrxgYz5DLrw6lKJdgb2gGqfDs5me/v6TLA==",
      "funding": [
        {
          "type": "github",
          "url": "https://github.com/sponsors/bjorn"
        },
        {
          "type": "opencollective",
          "url": "https://opencollective.com/tiled"
        },
        {
          "type": "patreon",
          "url": "https://patreon.com/bjorn"
        }
      ]
    }
  },
  "dependencies": {
    "@mapeditor/tiled-api": {
      "version": "1.10.1",
      "resolved": "https://registry.npmjs.org/@mapeditor/tiled-api/-/tiled-api-1.10.1.tgz",
      "integrity": "sha512-m9rYjpiNmHfQ9ZvPEFcmZ++3s3/yLzsHkJb8+mgWnJEuS6l+tuMPtrxgYz5DLrw6lKJdgb2gGqfDs5me/v6TLA=="
    }
  }
}
