{
  "name": "extensions",
  "lockfileVersion": 2,
  "requires": true,
  "packages": {
    "": {
      "dependencies": {
        "@mapeditor/tiled-api": "^1.8.2"
      }
    },
    "node_modules/@mapeditor/tiled-api": {
      "version": "1.8.2",
      "resolved": "https://registry.npmjs.org/@mapeditor/tiled-api/-/tiled-api-1.8.2.tgz",
      "integrity": "sha512-sQhFgTsXHoqYAUNLRy3g6oTN4pSkzLy8L7vMljBgeex6/4Rq/a+23tEXT8gKnos/tK4IsvCpBN0DtVTDITZrsA==",
      "funding": [
        {
          "type": "github",
          "url": "https://github.com/sponsors/bjorn"
        },
        {
          "type": "opencollective",
          "url": "https://opencollective.com/tiled"
        },
        {
          "type": "patreon",
          "url": "https://patreon.com/bjorn"
        }
      ]
    }
  },
  "dependencies": {
    "@mapeditor/tiled-api": {
      "version": "1.8.2",
      "resolved": "https://registry.npmjs.org/@mapeditor/tiled-api/-/tiled-api-1.8.2.tgz",
      "integrity": "sha512-sQhFgTsXHoqYAUNLRy3g6oTN4pSkzLy8L7vMljBgeex6/4Rq/a+23tEXT8gKnos/tK4IsvCpBN0DtVTDITZrsA=="
    }
  }
}
